# This file is autogenerated, do not edit; changes may be undone by the next 'dep ensure'.


[[projects]]
  digest = "1:46dca30fc4620f8894c925612fd0e3fc4bd8ebcecf45732087cbd869da3f2a3e"
  name = "github.com/easierway/concurrent_map"
  packages = ["."]
  pruneopts = "UT"
  revision = "67c079dbf71c6509b39fc82205a952db8dd6564c"
  version = "0.9.1"

[solve-meta]
  analyzer-name = "dep"
  analyzer-version = 1
  input-imports = ["github.com/easierway/concurrent_map"]
  solver-name = "gps-cdcl"
  solver-version = 1
